// !$*UTF8*$!
{
	archiveVersion = 1;
	classes = {
	};
	objectVersion = 46;
	objects = {

/* Begin PBXBuildFile section */
		C1F59EB119DEFA170095605F /* main.m in Sources */ = {isa = PBXBuildFile; fileRef = C1F59EB019DEFA170095605F /* main.m */; };
		C1F59EB419DEFA170095605F /* AppDelegate.m in Sources */ = {isa = PBXBuildFile; fileRef = C1F59EB319DEFA170095605F /* AppDelegate.m */; };
		C1F59EB719DEFA170095605F /* ViewController.m in Sources */ = {isa = PBXBuildFile; fileRef = C1F59EB619DEFA170095605F /* ViewController.m */; };
		C1F59EBA19DEFA170095605F /* Main.storyboard in Resources */ = {isa = PBXBuildFile; fileRef = C1F59EB819DEFA170095605F /* Main.storyboard */; };
		C1F59EBC19DEFA170095605F /* Images.xcassets in Resources */ = {isa = PBXBuildFile; fileRef = C1F59EBB19DEFA170095605F /* Images.xcassets */; };
		C1F59EBF19DEFA170095605F /* LaunchScreen.xib in Resources */ = {isa = PBXBuildFile; fileRef = C1F59EBD19DEFA170095605F /* LaunchScreen.xib */; };
		C1F59ECB19DEFA170095605F /* MyFirstTodayExtensionTests.m in Sources */ = {isa = PBXBuildFile; fileRef = C1F59ECA19DEFA170095605F /* MyFirstTodayExtensionTests.m */; };
		C1F59EDB19DEFA2C0095605F /* NotificationCenter.framework in Frameworks */ = {isa = PBXBuildFile; fileRef = C1F59EDA19DEFA2C0095605F /* NotificationCenter.framework */; };
		C1F59EE119DEFA2C0095605F /* TodayViewController.m in Sources */ = {isa = PBXBuildFile; fileRef = C1F59EE019DEFA2C0095605F /* TodayViewController.m */; };
		C1F59EE319DEFA2C0095605F /* MainInterface.storyboard in Resources */ = {isa = PBXBuildFile; fileRef = C1F59EE219DEFA2C0095605F /* MainInterface.storyboard */; };
		C1F59EE619DEFA2C0095605F /* TodayExtension.appex in Embed App Extensions */ = {isa = PBXBuildFile; fileRef = C1F59ED819DEFA2C0095605F /* TodayExtension.appex */; settings = {ATTRIBUTES = (RemoveHeadersOnCopy, ); }; };
/* End PBXBuildFile section */

/* Begin PBXContainerItemProxy section */
		C1F59EC519DEFA170095605F /* PBXContainerItemProxy */ = {
			isa = PBXContainerItemProxy;
			containerPortal = C1F59EA319DEFA170095605F /* Project object */;
			proxyType = 1;
			remoteGlobalIDString = C1F59EAA19DEFA170095605F;
			remoteInfo = MyFirstTodayExtension;
		};
		C1F59EE419DEFA2C0095605F /* PBXContainerItemProxy */ = {
			isa = PBXContainerItemProxy;
			containerPortal = C1F59EA319DEFA170095605F /* Project object */;
			proxyType = 1;
			remoteGlobalIDString = C1F59ED719DEFA2C0095605F;
			remoteInfo = TodayExtension;
		};
		C1F59EE719DEFA2C0095605F /* PBXContainerItemProxy */ = {
			isa = PBXContainerItemProxy;
			containerPortal = C1F59EA319DEFA170095605F /* Project object */;
			proxyType = 1;
			remoteGlobalIDString = C1F59ED719DEFA2C0095605F;
			remoteInfo = TodayExtension;
		};
/* End PBXContainerItemProxy section */

/* Begin PBXCopyFilesBuildPhase section */
		C1F59EEC19DEFA2C0095605F /* Embed App Extensions */ = {
			isa = PBXCopyFilesBuildPhase;
			buildActionMask = 2147483647;
			dstPath = "";
			dstSubfolderSpec = 13;
			files = (
				C1F59EE619DEFA2C0095605F /* TodayExtension.appex in Embed App Extensions */,
			);
			name = "Embed App Extensions";
			runOnlyForDeploymentPostprocessing = 0;
		};
/* End PBXCopyFilesBuildPhase section */

/* Begin PBXFileReference section */
		C1F59EAB19DEFA170095605F /* MyFirstTodayExtension.app */ = {isa = PBXFileReference; explicitFileType = wrapper.application; includeInIndex = 0; path = MyFirstTodayExtension.app; sourceTree = BUILT_PRODUCTS_DIR; };
		C1F59EAF19DEFA170095605F /* Info.plist */ = {isa = PBXFileReference; lastKnownFileType = text.plist.xml; path = Info.plist; sourceTree = "<group>"; };
		C1F59EB019DEFA170095605F /* main.m */ = {isa = PBXFileReference; lastKnownFileType = sourcecode.c.objc; path = main.m; sourceTree = "<group>"; };
		C1F59EB219DEFA170095605F /* AppDelegate.h */ = {isa = PBXFileReference; lastKnownFileType = sourcecode.c.h; path = AppDelegate.h; sourceTree = "<group>"; };
		C1F59EB319DEFA170095605F /* AppDelegate.m */ = {isa = PBXFileReference; lastKnownFileType = sourcecode.c.objc; path = AppDelegate.m; sourceTree = "<group>"; };
		C1F59EB519DEFA170095605F /* ViewController.h */ = {isa = PBXFileReference; lastKnownFileType = sourcecode.c.h; path = ViewController.h; sourceTree = "<group>"; };
		C1F59EB619DEFA170095605F /* ViewController.m */ = {isa = PBXFileReference; lastKnownFileType = sourcecode.c.objc; path = ViewController.m; sourceTree = "<group>"; };
		C1F59EB919DEFA170095605F /* Base */ = {isa = PBXFileReference; lastKnownFileType = file.storyboard; name = Base; path = Base.lproj/Main.storyboard; sourceTree = "<group>"; };
		C1F59EBB19DEFA170095605F /* Images.xcassets */ = {isa = PBXFileReference; lastKnownFileType = folder.assetcatalog; path = Images.xcassets; sourceTree = "<group>"; };
		C1F59EBE19DEFA170095605F /* Base */ = {isa = PBXFileReference; lastKnownFileType = file.xib; name = Base; path = Base.lproj/LaunchScreen.xib; sourceTree = "<group>"; };
		C1F59EC419DEFA170095605F /* MyFirstTodayExtensionTests.xctest */ = {isa = PBXFileReference; explicitFileType = wrapper.cfbundle; includeInIndex = 0; path = MyFirstTodayExtensionTests.xctest; sourceTree = BUILT_PRODUCTS_DIR; };
		C1F59EC919DEFA170095605F /* Info.plist */ = {isa = PBXFileReference; lastKnownFileType = text.plist.xml; path = Info.plist; sourceTree = "<group>"; };
		C1F59ECA19DEFA170095605F /* MyFirstTodayExtensionTests.m */ = {isa = PBXFileReference; lastKnownFileType = sourcecode.c.objc; path = MyFirstTodayExtensionTests.m; sourceTree = "<group>"; };
		C1F59ED819DEFA2C0095605F /* TodayExtension.appex */ = {isa = PBXFileReference; explicitFileType = "wrapper.app-extension"; includeInIndex = 0; path = TodayExtension.appex; sourceTree = BUILT_PRODUCTS_DIR; };
		C1F59EDA19DEFA2C0095605F /* NotificationCenter.framework */ = {isa = PBXFileReference; lastKnownFileType = wrapper.framework; name = NotificationCenter.framework; path = System/Library/Frameworks/NotificationCenter.framework; sourceTree = SDKROOT; };
		C1F59EDE19DEFA2C0095605F /* Info.plist */ = {isa = PBXFileReference; lastKnownFileType = text.plist.xml; path = Info.plist; sourceTree = "<group>"; };
		C1F59EDF19DEFA2C0095605F /* TodayViewController.h */ = {isa = PBXFileReference; lastKnownFileType = sourcecode.c.h; path = TodayViewController.h; sourceTree = "<group>"; };
		C1F59EE019DEFA2C0095605F /* TodayViewController.m */ = {isa = PBXFileReference; lastKnownFileType = sourcecode.c.objc; path = TodayViewController.m; sourceTree = "<group>"; };
		C1F59EE219DEFA2C0095605F /* MainInterface.storyboard */ = {isa = PBXFileReference; lastKnownFileType = file.storyboard; path = MainInterface.storyboard; sourceTree = "<group>"; };
/* End PBXFileReference section */

/* Begin PBXFrameworksBuildPhase section */
		C1F59EA819DEFA170095605F /* Frameworks */ = {
			isa = PBXFrameworksBuildPhase;
			buildActionMask = 2147483647;
			files = (
			);
			runOnlyForDeploymentPostprocessing = 0;
		};
		C1F59EC119DEFA170095605F /* Frameworks */ = {
			isa = PBXFrameworksBuildPhase;
			buildActionMask = 2147483647;
			files = (
			);
			runOnlyForDeploymentPostprocessing = 0;
		};
		C1F59ED519DEFA2C0095605F /* Frameworks */ = {
			isa = PBXFrameworksBuildPhase;
			buildActionMask = 2147483647;
			files = (
				C1F59EDB19DEFA2C0095605F /* NotificationCenter.framework in Frameworks */,
			);
			runOnlyForDeploymentPostprocessing = 0;
		};
/* End PBXFrameworksBuildPhase section */

/* Begin PBXGroup section */
		C1F59EA219DEFA170095605F = {
			isa = PBXGroup;
			children = (
				C1F59EAD19DEFA170095605F /* MyFirstTodayExtension */,
				C1F59EC719DEFA170095605F /* MyFirstTodayExtensionTests */,
				C1F59EDC19DEFA2C0095605F /* TodayExtension */,
				C1F59ED919DEFA2C0095605F /* Frameworks */,
				C1F59EAC19DEFA170095605F /* Products */,
			);
			sourceTree = "<group>";
		};
		C1F59EAC19DEFA170095605F /* Products */ = {
			isa = PBXGroup;
			children = (
				C1F59EAB19DEFA170095605F /* MyFirstTodayExtension.app */,
				C1F59EC419DEFA170095605F /* MyFirstTodayExtensionTests.xctest */,
				C1F59ED819DEFA2C0095605F /* TodayExtension.appex */,
			);
			name = Products;
			sourceTree = "<group>";
		};
		C1F59EAD19DEFA170095605F /* MyFirstTodayExtension */ = {
			isa = PBXGroup;
			children = (
				C1F59EB219DEFA170095605F /* AppDelegate.h */,
				C1F59EB319DEFA170095605F /* AppDelegate.m */,
				C1F59EB519DEFA170095605F /* ViewController.h */,
				C1F59EB619DEFA170095605F /* ViewController.m */,
				C1F59EB819DEFA170095605F /* Main.storyboard */,
				C1F59EBB19DEFA170095605F /* Images.xcassets */,
				C1F59EBD19DEFA170095605F /* LaunchScreen.xib */,
				C1F59EAE19DEFA170095605F /* Supporting Files */,
			);
			path = MyFirstTodayExtension;
			sourceTree = "<group>";
		};
		C1F59EAE19DEFA170095605F /* Supporting Files */ = {
			isa = PBXGroup;
			children = (
				C1F59EAF19DEFA170095605F /* Info.plist */,
				C1F59EB019DEFA170095605F /* main.m */,
			);
			name = "Supporting Files";
			sourceTree = "<group>";
		};
		C1F59EC719DEFA170095605F /* MyFirstTodayExtensionTests */ = {
			isa = PBXGroup;
			children = (
				C1F59ECA19DEFA170095605F /* MyFirstTodayExtensionTests.m */,
				C1F59EC819DEFA170095605F /* Supporting Files */,
			);
			path = MyFirstTodayExtensionTests;
			sourceTree = "<group>";
		};
		C1F59EC819DEFA170095605F /* Supporting Files */ = {
			isa = PBXGroup;
			children = (
				C1F59EC919DEFA170095605F /* Info.plist */,
			);
			name = "Supporting Files";
			sourceTree = "<group>";
		};
		C1F59ED919DEFA2C0095605F /* Frameworks */ = {
			isa = PBXGroup;
			children = (
				C1F59EDA19DEFA2C0095605F /* NotificationCenter.framework */,
			);
			name = Frameworks;
			sourceTree = "<group>";
		};
		C1F59EDC19DEFA2C0095605F /* TodayExtension */ = {
			isa = PBXGroup;
			children = (
				C1F59EDF19DEFA2C0095605F /* TodayViewController.h */,
				C1F59EE019DEFA2C0095605F /* TodayViewController.m */,
				C1F59EE219DEFA2C0095605F /* MainInterface.storyboard */,
				C1F59EDD19DEFA2C0095605F /* Supporting Files */,
			);
			path = TodayExtension;
			sourceTree = "<group>";
		};
		C1F59EDD19DEFA2C0095605F /* Supporting Files */ = {
			isa = PBXGroup;
			children = (
				C1F59EDE19DEFA2C0095605F /* Info.plist */,
			);
			name = "Supporting Files";
			sourceTree = "<group>";
		};
/* End PBXGroup section */

/* Begin PBXNativeTarget section */
		C1F59EAA19DEFA170095605F /* MyFirstTodayExtension */ = {
			isa = PBXNativeTarget;
			buildConfigurationList = C1F59ECE19DEFA170095605F /* Build configuration list for PBXNativeTarget "MyFirstTodayExtension" */;
			buildPhases = (
				C1F59EA719DEFA170095605F /* Sources */,
				C1F59EA819DEFA170095605F /* Frameworks */,
				C1F59EA919DEFA170095605F /* Resources */,
				C1F59EEC19DEFA2C0095605F /* Embed App Extensions */,
			);
			buildRules = (
			);
			dependencies = (
				C1F59EE519DEFA2C0095605F /* PBXTargetDependency */,
				C1F59EE819DEFA2C0095605F /* PBXTargetDependency */,
			);
			name = MyFirstTodayExtension;
			productName = MyFirstTodayExtension;
			productReference = C1F59EAB19DEFA170095605F /* MyFirstTodayExtension.app */;
			productType = "com.apple.product-type.application";
		};
		C1F59EC319DEFA170095605F /* MyFirstTodayExtensionTests */ = {
			isa = PBXNativeTarget;
			buildConfigurationList = C1F59ED119DEFA170095605F /* Build configuration list for PBXNativeTarget "MyFirstTodayExtensionTests" */;
			buildPhases = (
				C1F59EC019DEFA170095605F /* Sources */,
				C1F59EC119DEFA170095605F /* Frameworks */,
				C1F59EC219DEFA170095605F /* Resources */,
			);
			buildRules = (
			);
			dependencies = (
				C1F59EC619DEFA170095605F /* PBXTargetDependency */,
			);
			name = MyFirstTodayExtensionTests;
			productName = MyFirstTodayExtensionTests;
			productReference = C1F59EC419DEFA170095605F /* MyFirstTodayExtensionTests.xctest */;
			productType = "com.apple.product-type.bundle.unit-test";
		};
		C1F59ED719DEFA2C0095605F /* TodayExtension */ = {
			isa = PBXNativeTarget;
			buildConfigurationList = C1F59EE919DEFA2C0095605F /* Build configuration list for PBXNativeTarget "TodayExtension" */;
			buildPhases = (
				C1F59ED419DEFA2C0095605F /* Sources */,
				C1F59ED519DEFA2C0095605F /* Frameworks */,
				C1F59ED619DEFA2C0095605F /* Resources */,
			);
			buildRules = (
			);
			dependencies = (
			);
			name = TodayExtension;
			productName = TodayExtension;
			productReference = C1F59ED819DEFA2C0095605F /* TodayExtension.appex */;
			productType = "com.apple.product-type.app-extension";
		};
/* End PBXNativeTarget section */

/* Begin PBXProject section */
		C1F59EA319DEFA170095605F /* Project object */ = {
			isa = PBXProject;
			attributes = {
				LastUpgradeCheck = 0600;
				ORGANIZATIONNAME = "Pol Quintana";
				TargetAttributes = {
					C1F59EAA19DEFA170095605F = {
						CreatedOnToolsVersion = 6.0.1;
					};
					C1F59EC319DEFA170095605F = {
						CreatedOnToolsVersion = 6.0.1;
						TestTargetID = C1F59EAA19DEFA170095605F;
					};
					C1F59ED719DEFA2C0095605F = {
						CreatedOnToolsVersion = 6.0.1;
					};
				};
			};
			buildConfigurationList = C1F59EA619DEFA170095605F /* Build configuration list for PBXProject "MyFirstTodayExtension" */;
			compatibilityVersion = "Xcode 3.2";
			developmentRegion = English;
			hasScannedForEncodings = 0;
			knownRegions = (
				en,
				Base,
			);
			mainGroup = C1F59EA219DEFA170095605F;
			productRefGroup = C1F59EAC19DEFA170095605F /* Products */;
			projectDirPath = "";
			projectRoot = "";
			targets = (
				C1F59EAA19DEFA170095605F /* MyFirstTodayExtension */,
				C1F59EC319DEFA170095605F /* MyFirstTodayExtensionTests */,
				C1F59ED719DEFA2C0095605F /* TodayExtension */,
			);
		};
/* End PBXProject section */

/* Begin PBXResourcesBuildPhase section */
		C1F59EA919DEFA170095605F /* Resources */ = {
			isa = PBXResourcesBuildPhase;
			buildActionMask = 2147483647;
			files = (
				C1F59EBA19DEFA170095605F /* Main.storyboard in Resources */,
				C1F59EBF19DEFA170095605F /* LaunchScreen.xib in Resources */,
				C1F59EBC19DEFA170095605F /* Images.xcassets in Resources */,
			);
			runOnlyForDeploymentPostprocessing = 0;
		};
		C1F59EC219DEFA170095605F /* Resources */ = {
			isa = PBXResourcesBuildPhase;
			buildActionMask = 2147483647;
			files = (
			);
			runOnlyForDeploymentPostprocessing = 0;
		};
		C1F59ED619DEFA2C0095605F /* Resources */ = {
			isa = PBXResourcesBuildPhase;
			buildActionMask = 2147483647;
			files = (
				C1F59EE319DEFA2C0095605F /* MainInterface.storyboard in Resources */,
			);
			runOnlyForDeploymentPostprocessing = 0;
		};
/* End PBXResourcesBuildPhase section */

/* Begin PBXSourcesBuildPhase section */
		C1F59EA719DEFA170095605F /* Sources */ = {
			isa = PBXSourcesBuildPhase;
			buildActionMask = 2147483647;
			files = (
				C1F59EB719DEFA170095605F /* ViewController.m in Sources */,
				C1F59EB419DEFA170095605F /* AppDelegate.m in Sources */,
				C1F59EB119DEFA170095605F /* main.m in Sources */,
			);
			runOnlyForDeploymentPostprocessing = 0;
		};
		C1F59EC019DEFA170095605F /* Sources */ = {
			isa = PBXSourcesBuildPhase;
			buildActionMask = 2147483647;
			files = (
				C1F59ECB19DEFA170095605F /* MyFirstTodayExtensionTests.m in Sources */,
			);
			runOnlyForDeploymentPostprocessing = 0;
		};
		C1F59ED419DEFA2C0095605F /* Sources */ = {
			isa = PBXSourcesBuildPhase;
			buildActionMask = 2147483647;
			files = (
				C1F59EE119DEFA2C0095605F /* TodayViewController.m in Sources */,
			);
			runOnlyForDeploymentPostprocessing = 0;
		};
/* End PBXSourcesBuildPhase section */

/* Begin PBXTargetDependency section */
		C1F59EC619DEFA170095605F /* PBXTargetDependency */ = {
			isa = PBXTargetDependency;
			target = C1F59EAA19DEFA170095605F /* MyFirstTodayExtension */;
			targetProxy = C1F59EC519DEFA170095605F /* PBXContainerItemProxy */;
		};
		C1F59EE519DEFA2C0095605F /* PBXTargetDependency */ = {
			isa = PBXTargetDependency;
			target = C1F59ED719DEFA2C0095605F /* TodayExtension */;
			targetProxy = C1F59EE419DEFA2C0095605F /* PBXContainerItemProxy */;
		};
		C1F59EE819DEFA2C0095605F /* PBXTargetDependency */ = {
			isa = PBXTargetDependency;
			target = C1F59ED719DEFA2C0095605F /* TodayExtension */;
			targetProxy = C1F59EE719DEFA2C0095605F /* PBXContainerItemProxy */;
		};
/* End PBXTargetDependency section */

/* Begin PBXVariantGroup section */
		C1F59EB819DEFA170095605F /* Main.storyboard */ = {
			isa = PBXVariantGroup;
			children = (
				C1F59EB919DEFA170095605F /* Base */,
			);
			name = Main.storyboard;
			sourceTree = "<group>";
		};
		C1F59EBD19DEFA170095605F /* LaunchScreen.xib */ = {
			isa = PBXVariantGroup;
			children = (
				C1F59EBE19DEFA170095605F /* Base */,
			);
			name = LaunchScreen.xib;
			sourceTree = "<group>";
		};
/* End PBXVariantGroup section */

/* Begin XCBuildConfiguration section */
		C1F59ECC19DEFA170095605F /* Debug */ = {
			isa = XCBuildConfiguration;
			buildSettings = {
				ALWAYS_SEARCH_USER_PATHS = NO;
				CLANG_CXX_LANGUAGE_STANDARD = "gnu++0x";
				CLANG_CXX_LIBRARY = "libc++";
				CLANG_ENABLE_MODULES = YES;
				CLANG_ENABLE_OBJC_ARC = YES;
				CLANG_WARN_BOOL_CONVERSION = YES;
				CLANG_WARN_CONSTANT_CONVERSION = YES;
				CLANG_WARN_DIRECT_OBJC_ISA_USAGE = YES_ERROR;
				CLANG_WARN_EMPTY_BODY = YES;
				CLANG_WARN_ENUM_CONVERSION = YES;
				CLANG_WARN_INT_CONVERSION = YES;
				CLANG_WARN_OBJC_ROOT_CLASS = YES_ERROR;
				CLANG_WARN_UNREACHABLE_CODE = YES;
				CLANG_WARN__DUPLICATE_METHOD_MATCH = YES;
				"CODE_SIGN_IDENTITY[sdk=iphoneos*]" = "iPhone Developer";
				COPY_PHASE_STRIP = NO;
				ENABLE_STRICT_OBJC_MSGSEND = YES;
				GCC_C_LANGUAGE_STANDARD = gnu99;
				GCC_DYNAMIC_NO_PIC = NO;
				GCC_OPTIMIZATION_LEVEL = 0;
				GCC_PREPROCESSOR_DEFINITIONS = (
					"DEBUG=1",
					"$(inherited)",
				);
				GCC_SYMBOLS_PRIVATE_EXTERN = NO;
				GCC_WARN_64_TO_32_BIT_CONVERSION = YES;
				GCC_WARN_ABOUT_RETURN_TYPE = YES_ERROR;
				GCC_WARN_UNDECLARED_SELECTOR = YES;
				GCC_WARN_UNINITIALIZED_AUTOS = YES_AGGRESSIVE;
				GCC_WARN_UNUSED_FUNCTION = YES;
				GCC_WARN_UNUSED_VARIABLE = YES;
				IPHONEOS_DEPLOYMENT_TARGET = 8.0;
				MTL_ENABLE_DEBUG_INFO = YES;
				ONLY_ACTIVE_ARCH = YES;
				SDKROOT = iphoneos;
			};
			name = Debug;
		};
		C1F59ECD19DEFA170095605F /* Release */ = {
			isa = XCBuildConfiguration;
			buildSettings = {
				ALWAYS_SEARCH_USER_PATHS = NO;
				CLANG_CXX_LANGUAGE_STANDARD = "gnu++0x";
				CLANG_CXX_LIBRARY = "libc++";
				CLANG_ENABLE_MODULES = YES;
				CLANG_ENABLE_OBJC_ARC = YES;
				CLANG_WARN_BOOL_CONVERSION = YES;
				CLANG_WARN_CONSTANT_CONVERSION = YES;
				CLANG_WARN_DIRECT_OBJC_ISA_USAGE = YES_ERROR;
				CLANG_WARN_EMPTY_BODY = YES;
				CLANG_WARN_ENUM_CONVERSION = YES;
				CLANG_WARN_INT_CONVERSION = YES;
				CLANG_WARN_OBJC_ROOT_CLASS = YES_ERROR;
				CLANG_WARN_UNREACHABLE_CODE = YES;
				CLANG_WARN__DUPLICATE_METHOD_MATCH = YES;
				"CODE_SIGN_IDENTITY[sdk=iphoneos*]" = "iPhone Developer";
				COPY_PHASE_STRIP = YES;
				ENABLE_NS_ASSERTIONS = NO;
				ENABLE_STRICT_OBJC_MSGSEND = YES;
				GCC_C_LANGUAGE_STANDARD = gnu99;
				GCC_WARN_64_TO_32_BIT_CONVERSION = YES;
				GCC_WARN_ABOUT_RETURN_TYPE = YES_ERROR;
				GCC_WARN_UNDECLARED_SELECTOR = YES;
				GCC_WARN_UNINITIALIZED_AUTOS = YES_AGGRESSIVE;
				GCC_WARN_UNUSED_FUNCTION = YES;
				GCC_WARN_UNUSED_VARIABLE = YES;
				IPHONEOS_DEPLOYMENT_TARGET = 8.0;
				MTL_ENABLE_DEBUG_INFO = NO;
				SDKROOT = iphoneos;
				VALIDATE_PRODUCT = YES;
			};
			name = Release;
		};
		C1F59ECF19DEFA170095605F /* Debug */ = {
			isa = XCBuildConfiguration;
			buildSettings = {
				ASSETCATALOG_COMPILER_APPICON_NAME = AppIcon;
				INFOPLIST_FILE = MyFirstTodayExtension/Info.plist;
				LD_RUNPATH_SEARCH_PATHS = "$(inherited) @executable_path/Frameworks";
				PRODUCT_NAME = "$(TARGET_NAME)";
			};
			name = Debug;
		};
		C1F59ED019DEFA170095605F /* Release */ = {
			isa = XCBuildConfiguration;
			buildSettings = {
				ASSETCATALOG_COMPILER_APPICON_NAME = AppIcon;
				INFOPLIST_FILE = MyFirstTodayExtension/Info.plist;
				LD_RUNPATH_SEARCH_PATHS = "$(inherited) @executable_path/Frameworks";
				PRODUCT_NAME = "$(TARGET_NAME)";
			};
			name = Release;
		};
		C1F59ED219DEFA170095605F /* Debug */ = {
			isa = XCBuildConfiguration;
			buildSettings = {
				BUNDLE_LOADER = "$(TEST_HOST)";
				FRAMEWORK_SEARCH_PATHS = (
					"$(SDKROOT)/Developer/Library/Frameworks",
					"$(inherited)",
				);
				GCC_PREPROCESSOR_DEFINITIONS = (
					"DEBUG=1",
					"$(inherited)",
				);
				INFOPLIST_FILE = MyFirstTodayExtensionTests/Info.plist;
				LD_RUNPATH_SEARCH_PATHS = "$(inherited) @executable_path/Frameworks @loader_path/Frameworks";
				PRODUCT_NAME = "$(TARGET_NAME)";
				TEST_HOST = "$(BUILT_PRODUCTS_DIR)/MyFirstTodayExtension.app/MyFirstTodayExtension";
			};
			name = Debug;
		};
		C1F59ED319DEFA170095605F /* Release */ = {
			isa = XCBuildConfiguration;
			buildSettings = {
				BUNDLE_LOADER = "$(TEST_HOST)";
				FRAMEWORK_SEARCH_PATHS = (
					"$(SDKROOT)/Developer/Library/Frameworks",
					"$(inherited)",
				);
				INFOPLIST_FILE = MyFirstTodayExtensionTests/Info.plist;
				LD_RUNPATH_SEARCH_PATHS = "$(inherited) @executable_path/Frameworks @loader_path/Frameworks";
				PRODUCT_NAME = "$(TARGET_NAME)";
				TEST_HOST = "$(BUILT_PRODUCTS_DIR)/MyFirstTodayExtension.app/MyFirstTodayExtension";
			};
			name = Release;
		};
		C1F59EEA19DEFA2C0095605F /* Debug */ = {
			isa = XCBuildConfiguration;
			buildSettings = {
				GCC_PREPROCESSOR_DEFINITIONS = (
					"DEBUG=1",
					"$(inherited)",
				);
				INFOPLIST_FILE = TodayExtension/Info.plist;
				LD_RUNPATH_SEARCH_PATHS = "$(inherited) @executable_path/Frameworks @executable_path/../../Frameworks";
				PRODUCT_NAME = "$(TARGET_NAME)";
				SKIP_INSTALL = YES;
			};
			name = Debug;
		};
		C1F59EEB19DEFA2C0095605F /* Release */ = {
			isa = XCBuildConfiguration;
			buildSettings = {
				INFOPLIST_FILE = TodayExtension/Info.plist;
				LD_RUNPATH_SEARCH_PATHS = "$(inherited) @executable_path/Frameworks @executable_path/../../Frameworks";
				PRODUCT_NAME = "$(TARGET_NAME)";
				SKIP_INSTALL = YES;
			};
			name = Release;
		};
/* End XCBuildConfiguration section */

/* Begin XCConfigurationList section */
		C1F59EA619DEFA170095605F /* Build configuration list for PBXProject "MyFirstTodayExtension" */ = {
			isa = XCConfigurationList;
			buildConfigurations = (
				C1F59ECC19DEFA170095605F /* Debug */,
				C1F59ECD19DEFA170095605F /* Release */,
			);
			defaultConfigurationIsVisible = 0;
			defaultConfigurationName = Release;
		};
		C1F59ECE19DEFA170095605F /* Build configuration list for PBXNativeTarget "MyFirstTodayExtension" */ = {
			isa = XCConfigurationList;
			buildConfigurations = (
				C1F59ECF19DEFA170095605F /* Debug */,
				C1F59ED019DEFA170095605F /* Release */,
			);
			defaultConfigurationIsVisible = 0;
		};
		C1F59ED119DEFA170095605F /* Build configuration list for PBXNativeTarget "MyFirstTodayExtensionTests" */ = {
			isa = XCConfigurationList;
			buildConfigurations = (
				C1F59ED219DEFA170095605F /* Debug */,
				C1F59ED319DEFA170095605F /* Release */,
			);
			defaultConfigurationIsVisible = 0;
		};
		C1F59EE919DEFA2C0095605F /* Build configuration list for PBXNativeTarget "TodayExtension" */ = {
			isa = XCConfigurationList;
			buildConfigurations = (
				C1F59EEA19DEFA2C0095605F /* Debug */,
				C1F59EEB19DEFA2C0095605F /* Release */,
			);
			defaultConfigurationIsVisible = 0;
		};
/* End XCConfigurationList section */
	};
	rootObject = C1F59EA319DEFA170095605F /* Project object */;
}
